
Microsoft Visual Studio Solution File, Format Version 12.00
# Visual Studio 15
VisualStudioVersion = 15.0.35026.233
MinimumVisualStudioVersion = 10.0.40219.1
Project("{FAE04EC0-301F-11D3-BF4B-00C04F79EFBC}") = "NhanVienDATA", "NhanVienDATA.csproj", "{8E6135B9-0B15-412D-9EE7-06ED21CAEB76}"
EndProject
Global
	GlobalSection(SolutionConfigurationPlatforms) = preSolution
		Debug|Any CPU = Debug|Any CPU
		Release|Any CPU = Release|Any CPU
	EndGlobalSection
	GlobalSection(ProjectConfigurationPlatforms) = postSolution
		{8E6135B9-0B15-412D-9EE7-06ED21CAEB76}.Debug|Any CPU.ActiveCfg = Debug|Any CPU
		{8E6135B9-0B15-412D-9EE7-06ED21CAEB76}.Debug|Any CPU.Build.0 = Debug|Any CPU
		{8E6135B9-0B15-412D-9EE7-06ED21CAEB76}.Release|Any CPU.ActiveCfg = Release|Any CPU
		{8E6135B9-0B15-412D-9EE7-06ED21CAEB76}.Release|Any CPU.Build.0 = Release|Any CPU
	EndGlobalSection
	GlobalSection(SolutionProperties) = preSolution
		HideSolutionNode = FALSE
	EndGlobalSection
	GlobalSection(ExtensibilityGlobals) = postSolution
		SolutionGuid = {36A06316-1AC5-4BB6-A078-DDD1076D233E}
	EndGlobalSection
EndGlobal
